
Microsoft Visual Studio Solution File, Format Version 12.00
# Visual Studio 15
VisualStudioVersion = 15.0.28307.1622
MinimumVisualStudioVersion = 10.0.40219.1
Project("{888888A0-9F3D-457C-B088-3A5042F75D52}") = "TraderBot", "TraderBot\TraderBot.pyproj", "{84FCDC11-1E19-4EB8-900A-2D17EE1AFAB0}"
EndProject
Project("{888888A0-9F3D-457C-B088-3A5042F75D52}") = "BollingerBandsBot", "BollingerBandsBot\BollingerBandsBot.pyproj", "{43AB75BC-251C-4D2A-9AB9-E7410DB523BD}"
EndProject
Project("{888888A0-9F3D-457C-B088-3A5042F75D52}") = "OpenInterest", "OpenInterest\OpenInterest.pyproj", "{0DF76311-DA63-48A6-869D-6AA5395A2A32}"
EndProject
Project("{888888A0-9F3D-457C-B088-3A5042F75D52}") = "Scalper", "Scalper\Scalper.pyproj", "{1957C3E7-6C5E-4A51-AA57-3137D6143B59}"
EndProject
Project("{888888A0-9F3D-457C-B088-3A5042F75D52}") = "Alert", "Alert\Alert.pyproj", "{C960BA40-1AF8-4197-8CC7-EBAEA1BBDD4E}"
EndProject
Project("{888888A0-9F3D-457C-B088-3A5042F75D52}") = "SupRes", "SupRes\SupRes.pyproj", "{4E846B64-8B51-46C9-A932-3E969AB0BAE4}"
EndProject
Project("{888888A0-9F3D-457C-B088-3A5042F75D52}") = "Predict", "Predict\Predict.pyproj", "{764BCE9B-926F-4E83-B8EF-85E63384213E}"
EndProject
Global
	GlobalSection(SolutionConfigurationPlatforms) = preSolution
		Debug|Any CPU = Debug|Any CPU
		Release|Any CPU = Release|Any CPU
	EndGlobalSection
	GlobalSection(ProjectConfigurationPlatforms) = postSolution
		{84FCDC11-1E19-4EB8-900A-2D17EE1AFAB0}.Debug|Any CPU.ActiveCfg = Debug|Any CPU
		{84FCDC11-1E19-4EB8-900A-2D17EE1AFAB0}.Release|Any CPU.ActiveCfg = Release|Any CPU
		{43AB75BC-251C-4D2A-9AB9-E7410DB523BD}.Debug|Any CPU.ActiveCfg = Debug|Any CPU
		{43AB75BC-251C-4D2A-9AB9-E7410DB523BD}.Release|Any CPU.ActiveCfg = Release|Any CPU
		{0DF76311-DA63-48A6-869D-6AA5395A2A32}.Debug|Any CPU.ActiveCfg = Debug|Any CPU
		{0DF76311-DA63-48A6-869D-6AA5395A2A32}.Release|Any CPU.ActiveCfg = Release|Any CPU
		{1957C3E7-6C5E-4A51-AA57-3137D6143B59}.Debug|Any CPU.ActiveCfg = Debug|Any CPU
		{1957C3E7-6C5E-4A51-AA57-3137D6143B59}.Release|Any CPU.ActiveCfg = Release|Any CPU
		{C960BA40-1AF8-4197-8CC7-EBAEA1BBDD4E}.Debug|Any CPU.ActiveCfg = Debug|Any CPU
		{C960BA40-1AF8-4197-8CC7-EBAEA1BBDD4E}.Release|Any CPU.ActiveCfg = Release|Any CPU
		{4E846B64-8B51-46C9-A932-3E969AB0BAE4}.Debug|Any CPU.ActiveCfg = Debug|Any CPU
		{4E846B64-8B51-46C9-A932-3E969AB0BAE4}.Release|Any CPU.ActiveCfg = Release|Any CPU
		{764BCE9B-926F-4E83-B8EF-85E63384213E}.Debug|Any CPU.ActiveCfg = Debug|Any CPU
		{764BCE9B-926F-4E83-B8EF-85E63384213E}.Release|Any CPU.ActiveCfg = Release|Any CPU
	EndGlobalSection
	GlobalSection(SolutionProperties) = preSolution
		HideSolutionNode = FALSE
	EndGlobalSection
	GlobalSection(ExtensibilityGlobals) = postSolution
		SolutionGuid = {7659BF88-3B6E-45DD-ADEB-EEC5DBC7FC6A}
	EndGlobalSection
EndGlobal
